github.com/8ff/prettyTimer v0.0.0-20230830184900-c96793faf613 h1:mIPSzE+OciNlYwNQs1qi7GoKRI3SKGKrVsGnap20iqQ=
github.com/8ff/prettyTimer v0.0.0-20230830184900-c96793faf613/go.mod h1:iQAVuoCXBrrxT875kd25GCALLf+ulTOt/mCikuQs2j8=
github.com/hybridgroup/mjpeg v0.0.0-20140228234708-4680f319790e/go.mod h1:eagM805MRKrioHYuU7iKLUyFPVKqVV6um5DAvCkUtXs=
github.com/nfnt/resize v0.0.0-20180221191011-83c6a9932646 h1:zYyBkD/k9seD2A7fsi6Oo2LfFZAehjjQMERAvZLEDnQ=
github.com/nfnt/resize v0.0.0-20180221191011-83c6a9932646/go.mod h1:jpp1/29i3P1S/RLdc7JQKbRpFeM1dOBd8T9ki5s+AY8=
github.com/pascaldekloe/goe v0.1.0/go.mod h1:lzWF7FIEvWOWxwDKqyGYQf6ZUaNfKdP144TG7ZOy1lc=
github.com/yalue/onnxruntime_go v1.9.0 h1:AhgkpBjphJZsHT5karKt93xPkPFNP0Iz6ENUbNAFQU4=
github.com/yalue/onnxruntime_go v1.9.0/go.mod h1:b4X26A8pekNb1ACJ58wAXgNKeUCGEAQ9dmACut9Sm/4=
gocv.io/x/gocv v0.35.0 h1:Qaxb5KdVyy8Spl4S4K0SMZ6CVmKtbfoSGQAxRD3FZlw=
gocv.io/x/gocv v0.35.0/go.mod h1:oc6FvfYqfBp99p+yOEzs9tbYF9gOrAQSeL/dyIPefJU=
